{
  "originHash" : "3d72c3bdd4f926403064094e76378b914a904f56972aec4022ef64f6aab330bc",
  "pins" : [
    {
      "identity" : "purchases-ios-spm",
      "kind" : "remoteSourceControl",
      "location" : "https://github.com/RevenueCat/purchases-ios-spm",
      "state" : {
        "revision" : "1b65c3baa951ad5ef4ab46f3b96a6e1dcc5cf015",
        "version" : "5.89.0"
      }
    },
    {
      "identity" : "swidux",
      "kind" : "remoteSourceControl",
      "location" : "https://github.com/HeirloomLogic/Swidux",
      "state" : {
        "revision" : "142a6456e923e1c5989111ddc441c714c30bcf73",
        "version" : "1.6.0"
      }
    },
    {
      "identity" : "swift-syntax",
      "kind" : "remoteSourceControl",
      "location" : "https://github.com/swiftlang/swift-syntax",
      "state" : {
        "revision" : "79e4b74a295b6eb74a8b585e3a39d29e70c1dbd1",
        "version" : "603.0.2"
      }
    }
  ],
  "version" : 3
}
