{
  "originHash" : "8064f68574da6ae31550a70d65450338e5b3657fadc05cf69111e93b11f2f042",
  "pins" : [
    {
      "identity" : "purchases-ios-spm",
      "kind" : "remoteSourceControl",
      "location" : "https://github.com/RevenueCat/purchases-ios-spm",
      "state" : {
        "revision" : "1de9b3d745b008be5b291b96041fd9644fbb48f5",
        "version" : "5.80.1"
      }
    },
    {
      "identity" : "swidux",
      "kind" : "remoteSourceControl",
      "location" : "https://github.com/HeirloomLogic/Swidux",
      "state" : {
        "revision" : "2f216ab107f9b5c62af128151fcabe58af347112",
        "version" : "1.7.0"
      }
    },
    {
      "identity" : "swift-syntax",
      "kind" : "remoteSourceControl",
      "location" : "https://github.com/swiftlang/swift-syntax",
      "state" : {
        "revision" : "79e4b74a295b6eb74a8b585e3a39d29e70c1dbd1",
        "version" : "603.0.2"
      }
    }
  ],
  "version" : 3
}
