{
  "originHash" : "8064f68574da6ae31550a70d65450338e5b3657fadc05cf69111e93b11f2f042",
  "pins" : [
    {
      "identity" : "purchases-ios-spm",
      "kind" : "remoteSourceControl",
      "location" : "https://github.com/RevenueCat/purchases-ios-spm",
      "state" : {
        "revision" : "8969bf1feaca2cc9efaa7630cd148cec5005f2f8",
        "version" : "5.80.3"
      }
    },
    {
      "identity" : "swidux",
      "kind" : "remoteSourceControl",
      "location" : "https://github.com/HeirloomLogic/Swidux",
      "state" : {
        "revision" : "142a6456e923e1c5989111ddc441c714c30bcf73",
        "version" : "1.6.0"
      }
    },
    {
      "identity" : "swift-syntax",
      "kind" : "remoteSourceControl",
      "location" : "https://github.com/swiftlang/swift-syntax",
      "state" : {
        "revision" : "79e4b74a295b6eb74a8b585e3a39d29e70c1dbd1",
        "version" : "603.0.2"
      }
    }
  ],
  "version" : 3
}
